
Microsoft Visual Studio Solution File, Format Version 12.00
# Visual Studio Version 17
VisualStudioVersion = 17.7.34031.279
MinimumVisualStudioVersion = 10.0.40219.1
Project("{FAE04EC0-301F-11D3-BF4B-00C04F79EFBC}") = "Ejerccio_6_Nelson_Daniel_Ramirez", "Ejerccio_6_Nelson_Daniel_Ramirez.csproj", "{3D4EBBCF-6D60-42DD-8C8A-80D33700DC93}"
EndProject
Global
	GlobalSection(SolutionConfigurationPlatforms) = preSolution
		Debug|Any CPU = Debug|Any CPU
		Release|Any CPU = Release|Any CPU
	EndGlobalSection
	GlobalSection(ProjectConfigurationPlatforms) = postSolution
		{3D4EBBCF-6D60-42DD-8C8A-80D33700DC93}.Debug|Any CPU.ActiveCfg = Debug|Any CPU
		{3D4EBBCF-6D60-42DD-8C8A-80D33700DC93}.Debug|Any CPU.Build.0 = Debug|Any CPU
		{3D4EBBCF-6D60-42DD-8C8A-80D33700DC93}.Release|Any CPU.ActiveCfg = Release|Any CPU
		{3D4EBBCF-6D60-42DD-8C8A-80D33700DC93}.Release|Any CPU.Build.0 = Release|Any CPU
	EndGlobalSection
	GlobalSection(SolutionProperties) = preSolution
		HideSolutionNode = FALSE
	EndGlobalSection
	GlobalSection(ExtensibilityGlobals) = postSolution
		SolutionGuid = {2CFB5E42-757D-4199-B98C-B022AF6A16F3}
	EndGlobalSection
EndGlobal
