
Microsoft Visual Studio Solution File, Format Version 12.00
# Visual Studio Version 17
VisualStudioVersion = 17.7.34031.279
MinimumVisualStudioVersion = 10.0.40219.1
Project("{FAE04EC0-301F-11D3-BF4B-00C04F79EFBC}") = "EJERCICIO_3_NELSON_DANIEL _RAMIREZ", "EJERCICIO_3_NELSON_DANIEL _RAMIREZ.csproj", "{8657C31A-F043-4E7D-924A-08D1A381E46C}"
EndProject
Global
	GlobalSection(SolutionConfigurationPlatforms) = preSolution
		Debug|Any CPU = Debug|Any CPU
		Release|Any CPU = Release|Any CPU
	EndGlobalSection
	GlobalSection(ProjectConfigurationPlatforms) = postSolution
		{8657C31A-F043-4E7D-924A-08D1A381E46C}.Debug|Any CPU.ActiveCfg = Debug|Any CPU
		{8657C31A-F043-4E7D-924A-08D1A381E46C}.Debug|Any CPU.Build.0 = Debug|Any CPU
		{8657C31A-F043-4E7D-924A-08D1A381E46C}.Release|Any CPU.ActiveCfg = Release|Any CPU
		{8657C31A-F043-4E7D-924A-08D1A381E46C}.Release|Any CPU.Build.0 = Release|Any CPU
	EndGlobalSection
	GlobalSection(SolutionProperties) = preSolution
		HideSolutionNode = FALSE
	EndGlobalSection
	GlobalSection(ExtensibilityGlobals) = postSolution
		SolutionGuid = {2FC4FD44-5591-4B2E-94EF-A761F96C4D6D}
	EndGlobalSection
EndGlobal
